<Solution>
  <Folder Name="/Solution Items/">
    <File Path="Build.md" />
    <File Path="Build.Solution.md" />
    <File Path="Claude Code Docs.url" />
    <File Path="Claude Usage.url" />
    <File Path="Claude--dangerously-skip-permissions--settings-lmstudio.cmd" />
    <File Path="Claude--dangerously-skip-permissions.cmd" />
    <File Path="AGENTS.md" />
    <File Path="CLAUDE.md" />
    <File Path="hrdrClaudeNative.cmd" />
    <File Path="LMStudio.Settings.json" />
    <File Path="Build.Plan.md" />
    <File Path="Qwen--openrouter.cmd" />
  </Folder>
  <Project Path=".claude/claude.shproj" Id="60827118-5955-4d80-a32e-a6bf7ae2c2d3" />
</Solution>
